// !$*UTF8*$!
{
	archiveVersion = 1;
	classes = {
	};
	objectVersion = 46;
	objects = {

/* Begin PBXBuildFile section */
		2C5AF3C01B9C2E1C007AAB7E /* Foundation.framework in Frameworks */ = {isa = PBXBuildFile; fileRef = 2C5AF3BF1B9C2E1C007AAB7E /* Foundation.framework */; };
		2C5AF3C21B9C2E1C007AAB7E /* CoreGraphics.framework in Frameworks */ = {isa = PBXBuildFile; fileRef = 2C5AF3C11B9C2E1C007AAB7E /* CoreGraphics.framework */; };
		2C5AF3C41B9C2E1C007AAB7E /* UIKit.framework in Frameworks */ = {isa = PBXBuildFile; fileRef = 2C5AF3C31B9C2E1C007AAB7E /* UIKit.framework */; };
		2C5AF3CA1B9C2E1C007AAB7E /* InfoPlist.strings in Resources */ = {isa = PBXBuildFile; fileRef = 2C5AF3C81B9C2E1C007AAB7E /* InfoPlist.strings */; };
		2C5AF3CC1B9C2E1C007AAB7E /* main.m in Sources */ = {isa = PBXBuildFile; fileRef = 2C5AF3CB1B9C2E1C007AAB7E /* main.m */; };
		2C5AF3D01B9C2E1C007AAB7E /* AppDelegate.m in Sources */ = {isa = PBXBuildFile; fileRef = 2C5AF3CF1B9C2E1C007AAB7E /* AppDelegate.m */; };
		2C5AF3D21B9C2E1C007AAB7E /* Images.xcassets in Resources */ = {isa = PBXBuildFile; fileRef = 2C5AF3D11B9C2E1C007AAB7E /* Images.xcassets */; };
		2C5AF3D91B9C2E1C007AAB7E /* XCTest.framework in Frameworks */ = {isa = PBXBuildFile; fileRef = 2C5AF3D81B9C2E1C007AAB7E /* XCTest.framework */; };
		2C5AF3DA1B9C2E1C007AAB7E /* Foundation.framework in Frameworks */ = {isa = PBXBuildFile; fileRef = 2C5AF3BF1B9C2E1C007AAB7E /* Foundation.framework */; };
		2C5AF3DB1B9C2E1C007AAB7E /* UIKit.framework in Frameworks */ = {isa = PBXBuildFile; fileRef = 2C5AF3C31B9C2E1C007AAB7E /* UIKit.framework */; };
		2C5AF3E31B9C2E1C007AAB7E /* InfoPlist.strings in Resources */ = {isa = PBXBuildFile; fileRef = 2C5AF3E11B9C2E1C007AAB7E /* InfoPlist.strings */; };
		2C5AF3E51B9C2E1C007AAB7E /* AlternateTableViewCellsTests.m in Sources */ = {isa = PBXBuildFile; fileRef = 2C5AF3E41B9C2E1C007AAB7E /* AlternateTableViewCellsTests.m */; };
		2C5AF3F21B9C2E58007AAB7E /* AlternateTableViewCellViewController.m in Sources */ = {isa = PBXBuildFile; fileRef = 2C5AF3F01B9C2E58007AAB7E /* AlternateTableViewCellViewController.m */; };
		2C5AF3F31B9C2E58007AAB7E /* AlternateTableViewCellViewController.xib in Resources */ = {isa = PBXBuildFile; fileRef = 2C5AF3F11B9C2E58007AAB7E /* AlternateTableViewCellViewController.xib */; };
		2C5AF3F91B9C5BA4007AAB7E /* AlternateTableViewCellViewController_iPhone.xib in Resources */ = {isa = PBXBuildFile; fileRef = 2C5AF3F61B9C5BA4007AAB7E /* AlternateTableViewCellViewController_iPhone.xib */; };
		2C5AF3FA1B9C5BA4007AAB7E /* AlternateTableViewCellViewController_iPhone4.xib in Resources */ = {isa = PBXBuildFile; fileRef = 2C5AF3F71B9C5BA4007AAB7E /* AlternateTableViewCellViewController_iPhone4.xib */; };
		2C5AF3FB1B9C5BA4007AAB7E /* AlternateTableViewCellViewController_iPhone5.xib in Resources */ = {isa = PBXBuildFile; fileRef = 2C5AF3F81B9C5BA4007AAB7E /* AlternateTableViewCellViewController_iPhone5.xib */; };
		2C5AF4101B9C63BF007AAB7E /* Icon-40.png in Resources */ = {isa = PBXBuildFile; fileRef = 2C5AF3FD1B9C63BF007AAB7E /* Icon-40.png */; };
		2C5AF4111B9C63BF007AAB7E /* Icon-40@2x.png in Resources */ = {isa = PBXBuildFile; fileRef = 2C5AF3FE1B9C63BF007AAB7E /* Icon-40@2x.png */; };
		2C5AF4121B9C63BF007AAB7E /* Icon-40@3x.png in Resources */ = {isa = PBXBuildFile; fileRef = 2C5AF3FF1B9C63BF007AAB7E /* Icon-40@3x.png */; };
		2C5AF4131B9C63BF007AAB7E /* Icon-60.png in Resources */ = {isa = PBXBuildFile; fileRef = 2C5AF4001B9C63BF007AAB7E /* Icon-60.png */; };
		2C5AF4141B9C63BF007AAB7E /* Icon-60@2x.png in Resources */ = {isa = PBXBuildFile; fileRef = 2C5AF4011B9C63BF007AAB7E /* Icon-60@2x.png */; };
		2C5AF4151B9C63BF007AAB7E /* Icon-60@3x.png in Resources */ = {isa = PBXBuildFile; fileRef = 2C5AF4021B9C63BF007AAB7E /* Icon-60@3x.png */; };
		2C5AF4161B9C63BF007AAB7E /* Icon-72.png in Resources */ = {isa = PBXBuildFile; fileRef = 2C5AF4031B9C63BF007AAB7E /* Icon-72.png */; };
		2C5AF4171B9C63BF007AAB7E /* Icon-72@2x.png in Resources */ = {isa = PBXBuildFile; fileRef = 2C5AF4041B9C63BF007AAB7E /* Icon-72@2x.png */; };
		2C5AF4181B9C63BF007AAB7E /* Icon-76.png in Resources */ = {isa = PBXBuildFile; fileRef = 2C5AF4051B9C63BF007AAB7E /* Icon-76.png */; };
		2C5AF4191B9C63BF007AAB7E /* Icon-76@2x.png in Resources */ = {isa = PBXBuildFile; fileRef = 2C5AF4061B9C63BF007AAB7E /* Icon-76@2x.png */; };
		2C5AF41A1B9C63BF007AAB7E /* Icon-Small-50.png in Resources */ = {isa = PBXBuildFile; fileRef = 2C5AF4071B9C63BF007AAB7E /* Icon-Small-50.png */; };
		2C5AF41B1B9C63BF007AAB7E /* Icon-Small-50@2x.png in Resources */ = {isa = PBXBuildFile; fileRef = 2C5AF4081B9C63BF007AAB7E /* Icon-Small-50@2x.png */; };
		2C5AF41C1B9C63BF007AAB7E /* Icon-Small.png in Resources */ = {isa = PBXBuildFile; fileRef = 2C5AF4091B9C63BF007AAB7E /* Icon-Small.png */; };
		2C5AF41D1B9C63BF007AAB7E /* Icon-Small@2x.png in Resources */ = {isa = PBXBuildFile; fileRef = 2C5AF40A1B9C63BF007AAB7E /* Icon-Small@2x.png */; };
		2C5AF41E1B9C63BF007AAB7E /* Icon-Small@3x.png in Resources */ = {isa = PBXBuildFile; fileRef = 2C5AF40B1B9C63BF007AAB7E /* Icon-Small@3x.png */; };
		2C5AF41F1B9C63BF007AAB7E /* Icon.png in Resources */ = {isa = PBXBuildFile; fileRef = 2C5AF40C1B9C63BF007AAB7E /* Icon.png */; };
		2C5AF4201B9C63BF007AAB7E /* Icon@2x.png in Resources */ = {isa = PBXBuildFile; fileRef = 2C5AF40D1B9C63BF007AAB7E /* Icon@2x.png */; };
		2C5AF4211B9C63BF007AAB7E /* iTunesArtwork.png in Resources */ = {isa = PBXBuildFile; fileRef = 2C5AF40E1B9C63BF007AAB7E /* iTunesArtwork.png */; };
		2C5AF4221B9C63BF007AAB7E /* iTunesArtwork@2x.png in Resources */ = {isa = PBXBuildFile; fileRef = 2C5AF40F1B9C63BF007AAB7E /* iTunesArtwork@2x.png */; };
/* End PBXBuildFile section */

/* Begin PBXContainerItemProxy section */
		2C5AF3DC1B9C2E1C007AAB7E /* PBXContainerItemProxy */ = {
			isa = PBXContainerItemProxy;
			containerPortal = 2C5AF3B41B9C2E1C007AAB7E /* Project object */;
			proxyType = 1;
			remoteGlobalIDString = 2C5AF3BB1B9C2E1C007AAB7E;
			remoteInfo = AlternateTableViewCells;
		};
/* End PBXContainerItemProxy section */

/* Begin PBXFileReference section */
		2C5AF3BC1B9C2E1C007AAB7E /* AlternateTableViewCells.app */ = {isa = PBXFileReference; explicitFileType = wrapper.application; includeInIndex = 0; path = AlternateTableViewCells.app; sourceTree = BUILT_PRODUCTS_DIR; };
		2C5AF3BF1B9C2E1C007AAB7E /* Foundation.framework */ = {isa = PBXFileReference; lastKnownFileType = wrapper.framework; name = Foundation.framework; path = System/Library/Frameworks/Foundation.framework; sourceTree = SDKROOT; };
		2C5AF3C11B9C2E1C007AAB7E /* CoreGraphics.framework */ = {isa = PBXFileReference; lastKnownFileType = wrapper.framework; name = CoreGraphics.framework; path = System/Library/Frameworks/CoreGraphics.framework; sourceTree = SDKROOT; };
		2C5AF3C31B9C2E1C007AAB7E /* UIKit.framework */ = {isa = PBXFileReference; lastKnownFileType = wrapper.framework; name = UIKit.framework; path = System/Library/Frameworks/UIKit.framework; sourceTree = SDKROOT; };
		2C5AF3C71B9C2E1C007AAB7E /* AlternateTableViewCells-Info.plist */ = {isa = PBXFileReference; lastKnownFileType = text.plist.xml; path = "AlternateTableViewCells-Info.plist"; sourceTree = "<group>"; };
		2C5AF3C91B9C2E1C007AAB7E /* en */ = {isa = PBXFileReference; lastKnownFileType = text.plist.strings; name = en; path = en.lproj/InfoPlist.strings; sourceTree = "<group>"; };
		2C5AF3CB1B9C2E1C007AAB7E /* main.m */ = {isa = PBXFileReference; lastKnownFileType = sourcecode.c.objc; path = main.m; sourceTree = "<group>"; };
		2C5AF3CD1B9C2E1C007AAB7E /* AlternateTableViewCells-Prefix.pch */ = {isa = PBXFileReference; lastKnownFileType = sourcecode.c.h; path = "AlternateTableViewCells-Prefix.pch"; sourceTree = "<group>"; };
		2C5AF3CE1B9C2E1C007AAB7E /* AppDelegate.h */ = {isa = PBXFileReference; lastKnownFileType = sourcecode.c.h; path = AppDelegate.h; sourceTree = "<group>"; };
		2C5AF3CF1B9C2E1C007AAB7E /* AppDelegate.m */ = {isa = PBXFileReference; lastKnownFileType = sourcecode.c.objc; path = AppDelegate.m; sourceTree = "<group>"; };
		2C5AF3D11B9C2E1C007AAB7E /* Images.xcassets */ = {isa = PBXFileReference; lastKnownFileType = folder.assetcatalog; path = Images.xcassets; sourceTree = "<group>"; };
		2C5AF3D71B9C2E1C007AAB7E /* AlternateTableViewCellsTests.xctest */ = {isa = PBXFileReference; explicitFileType = wrapper.cfbundle; includeInIndex = 0; path = AlternateTableViewCellsTests.xctest; sourceTree = BUILT_PRODUCTS_DIR; };
		2C5AF3D81B9C2E1C007AAB7E /* XCTest.framework */ = {isa = PBXFileReference; lastKnownFileType = wrapper.framework; name = XCTest.framework; path = Library/Frameworks/XCTest.framework; sourceTree = DEVELOPER_DIR; };
		2C5AF3E01B9C2E1C007AAB7E /* AlternateTableViewCellsTests-Info.plist */ = {isa = PBXFileReference; lastKnownFileType = text.plist.xml; path = "AlternateTableViewCellsTests-Info.plist"; sourceTree = "<group>"; };
		2C5AF3E21B9C2E1C007AAB7E /* en */ = {isa = PBXFileReference; lastKnownFileType = text.plist.strings; name = en; path = en.lproj/InfoPlist.strings; sourceTree = "<group>"; };
		2C5AF3E41B9C2E1C007AAB7E /* AlternateTableViewCellsTests.m */ = {isa = PBXFileReference; lastKnownFileType = sourcecode.c.objc; path = AlternateTableViewCellsTests.m; sourceTree = "<group>"; };
		2C5AF3EF1B9C2E58007AAB7E /* AlternateTableViewCellViewController.h */ = {isa = PBXFileReference; fileEncoding = 4; lastKnownFileType = sourcecode.c.h; name = AlternateTableViewCellViewController.h; path = AlternateTableViewCellViewController/AlternateTableViewCellViewController.h; sourceTree = "<group>"; };
		2C5AF3F01B9C2E58007AAB7E /* AlternateTableViewCellViewController.m */ = {isa = PBXFileReference; fileEncoding = 4; lastKnownFileType = sourcecode.c.objc; name = AlternateTableViewCellViewController.m; path = AlternateTableViewCellViewController/AlternateTableViewCellViewController.m; sourceTree = "<group>"; };
		2C5AF3F11B9C2E58007AAB7E /* AlternateTableViewCellViewController.xib */ = {isa = PBXFileReference; fileEncoding = 4; lastKnownFileType = file.xib; name = AlternateTableViewCellViewController.xib; path = AlternateTableViewCellViewController/AlternateTableViewCellViewController.xib; sourceTree = "<group>"; };
		2C5AF3F51B9C56D9007AAB7E /* Define.h */ = {isa = PBXFileReference; fileEncoding = 4; lastKnownFileType = sourcecode.c.h; path = Define.h; sourceTree = "<group>"; };
		2C5AF3F61B9C5BA4007AAB7E /* AlternateTableViewCellViewController_iPhone.xib */ = {isa = PBXFileReference; fileEncoding = 4; lastKnownFileType = file.xib; name = AlternateTableViewCellViewController_iPhone.xib; path = AlternateTableViewCellViewController/AlternateTableViewCellViewController_iPhone.xib; sourceTree = "<group>"; };
		2C5AF3F71B9C5BA4007AAB7E /* AlternateTableViewCellViewController_iPhone4.xib */ = {isa = PBXFileReference; fileEncoding = 4; lastKnownFileType = file.xib; name = AlternateTableViewCellViewController_iPhone4.xib; path = AlternateTableViewCellViewController/AlternateTableViewCellViewController_iPhone4.xib; sourceTree = "<group>"; };
		2C5AF3F81B9C5BA4007AAB7E /* AlternateTableViewCellViewController_iPhone5.xib */ = {isa = PBXFileReference; fileEncoding = 4; lastKnownFileType = file.xib; name = AlternateTableViewCellViewController_iPhone5.xib; path = AlternateTableViewCellViewController/AlternateTableViewCellViewController_iPhone5.xib; sourceTree = "<group>"; };
		2C5AF3FD1B9C63BF007AAB7E /* Icon-40.png */ = {isa = PBXFileReference; lastKnownFileType = image.png; path = "Icon-40.png"; sourceTree = "<group>"; };
		2C5AF3FE1B9C63BF007AAB7E /* Icon-40@2x.png */ = {isa = PBXFileReference; lastKnownFileType = image.png; path = "Icon-40@2x.png"; sourceTree = "<group>"; };
		2C5AF3FF1B9C63BF007AAB7E /* Icon-40@3x.png */ = {isa = PBXFileReference; lastKnownFileType = image.png; path = "Icon-40@3x.png"; sourceTree = "<group>"; };
		2C5AF4001B9C63BF007AAB7E /* Icon-60.png */ = {isa = PBXFileReference; lastKnownFileType = image.png; path = "Icon-60.png"; sourceTree = "<group>"; };
		2C5AF4011B9C63BF007AAB7E /* Icon-60@2x.png */ = {isa = PBXFileReference; lastKnownFileType = image.png; path = "Icon-60@2x.png"; sourceTree = "<group>"; };
		2C5AF4021B9C63BF007AAB7E /* Icon-60@3x.png */ = {isa = PBXFileReference; lastKnownFileType = image.png; path = "Icon-60@3x.png"; sourceTree = "<group>"; };
		2C5AF4031B9C63BF007AAB7E /* Icon-72.png */ = {isa = PBXFileReference; lastKnownFileType = image.png; path = "Icon-72.png"; sourceTree = "<group>"; };
		2C5AF4041B9C63BF007AAB7E /* Icon-72@2x.png */ = {isa = PBXFileReference; lastKnownFileType = image.png; path = "Icon-72@2x.png"; sourceTree = "<group>"; };
		2C5AF4051B9C63BF007AAB7E /* Icon-76.png */ = {isa = PBXFileReference; lastKnownFileType = image.png; path = "Icon-76.png"; sourceTree = "<group>"; };
		2C5AF4061B9C63BF007AAB7E /* Icon-76@2x.png */ = {isa = PBXFileReference; lastKnownFileType = image.png; path = "Icon-76@2x.png"; sourceTree = "<group>"; };
		2C5AF4071B9C63BF007AAB7E /* Icon-Small-50.png */ = {isa = PBXFileReference; lastKnownFileType = image.png; path = "Icon-Small-50.png"; sourceTree = "<group>"; };
		2C5AF4081B9C63BF007AAB7E /* Icon-Small-50@2x.png */ = {isa = PBXFileReference; lastKnownFileType = image.png; path = "Icon-Small-50@2x.png"; sourceTree = "<group>"; };
		2C5AF4091B9C63BF007AAB7E /* Icon-Small.png */ = {isa = PBXFileReference; lastKnownFileType = image.png; path = "Icon-Small.png"; sourceTree = "<group>"; };
		2C5AF40A1B9C63BF007AAB7E /* Icon-Small@2x.png */ = {isa = PBXFileReference; lastKnownFileType = image.png; path = "Icon-Small@2x.png"; sourceTree = "<group>"; };
		2C5AF40B1B9C63BF007AAB7E /* Icon-Small@3x.png */ = {isa = PBXFileReference; lastKnownFileType = image.png; path = "Icon-Small@3x.png"; sourceTree = "<group>"; };
		2C5AF40C1B9C63BF007AAB7E /* Icon.png */ = {isa = PBXFileReference; lastKnownFileType = image.png; path = Icon.png; sourceTree = "<group>"; };
		2C5AF40D1B9C63BF007AAB7E /* Icon@2x.png */ = {isa = PBXFileReference; lastKnownFileType = image.png; path = "Icon@2x.png"; sourceTree = "<group>"; };
		2C5AF40E1B9C63BF007AAB7E /* iTunesArtwork.png */ = {isa = PBXFileReference; lastKnownFileType = image.png; path = iTunesArtwork.png; sourceTree = "<group>"; };
		2C5AF40F1B9C63BF007AAB7E /* iTunesArtwork@2x.png */ = {isa = PBXFileReference; lastKnownFileType = image.png; path = "iTunesArtwork@2x.png"; sourceTree = "<group>"; };
/* End PBXFileReference section */

/* Begin PBXFrameworksBuildPhase section */
		2C5AF3B91B9C2E1C007AAB7E /* Frameworks */ = {
			isa = PBXFrameworksBuildPhase;
			buildActionMask = 2147483647;
			files = (
				2C5AF3C21B9C2E1C007AAB7E /* CoreGraphics.framework in Frameworks */,
				2C5AF3C41B9C2E1C007AAB7E /* UIKit.framework in Frameworks */,
				2C5AF3C01B9C2E1C007AAB7E /* Foundation.framework in Frameworks */,
			);
			runOnlyForDeploymentPostprocessing = 0;
		};
		2C5AF3D41B9C2E1C007AAB7E /* Frameworks */ = {
			isa = PBXFrameworksBuildPhase;
			buildActionMask = 2147483647;
			files = (
				2C5AF3D91B9C2E1C007AAB7E /* XCTest.framework in Frameworks */,
				2C5AF3DB1B9C2E1C007AAB7E /* UIKit.framework in Frameworks */,
				2C5AF3DA1B9C2E1C007AAB7E /* Foundation.framework in Frameworks */,
			);
			runOnlyForDeploymentPostprocessing = 0;
		};
/* End PBXFrameworksBuildPhase section */

/* Begin PBXGroup section */
		2C5AF3B31B9C2E1C007AAB7E = {
			isa = PBXGroup;
			children = (
				2C5AF3C51B9C2E1C007AAB7E /* AlternateTableViewCells */,
				2C5AF3DE1B9C2E1C007AAB7E /* AlternateTableViewCellsTests */,
				2C5AF3BE1B9C2E1C007AAB7E /* Frameworks */,
				2C5AF3BD1B9C2E1C007AAB7E /* Products */,
			);
			sourceTree = "<group>";
		};
		2C5AF3BD1B9C2E1C007AAB7E /* Products */ = {
			isa = PBXGroup;
			children = (
				2C5AF3BC1B9C2E1C007AAB7E /* AlternateTableViewCells.app */,
				2C5AF3D71B9C2E1C007AAB7E /* AlternateTableViewCellsTests.xctest */,
			);
			name = Products;
			sourceTree = "<group>";
		};
		2C5AF3BE1B9C2E1C007AAB7E /* Frameworks */ = {
			isa = PBXGroup;
			children = (
				2C5AF3BF1B9C2E1C007AAB7E /* Foundation.framework */,
				2C5AF3C11B9C2E1C007AAB7E /* CoreGraphics.framework */,
				2C5AF3C31B9C2E1C007AAB7E /* UIKit.framework */,
				2C5AF3D81B9C2E1C007AAB7E /* XCTest.framework */,
			);
			name = Frameworks;
			sourceTree = "<group>";
		};
		2C5AF3C51B9C2E1C007AAB7E /* AlternateTableViewCells */ = {
			isa = PBXGroup;
			children = (
				2C5AF3F41B9C56D9007AAB7E /* Define */,
				2C5AF3EE1B9C2E2C007AAB7E /* AlternateTableViewCellViewController */,
				2C5AF3CE1B9C2E1C007AAB7E /* AppDelegate.h */,
				2C5AF3CF1B9C2E1C007AAB7E /* AppDelegate.m */,
				2C5AF3D11B9C2E1C007AAB7E /* Images.xcassets */,
				2C5AF3C61B9C2E1C007AAB7E /* Supporting Files */,
			);
			path = AlternateTableViewCells;
			sourceTree = "<group>";
		};
		2C5AF3C61B9C2E1C007AAB7E /* Supporting Files */ = {
			isa = PBXGroup;
			children = (
				2C5AF3FC1B9C63BF007AAB7E /* AppIcons */,
				2C5AF3C71B9C2E1C007AAB7E /* AlternateTableViewCells-Info.plist */,
				2C5AF3C81B9C2E1C007AAB7E /* InfoPlist.strings */,
				2C5AF3CB1B9C2E1C007AAB7E /* main.m */,
				2C5AF3CD1B9C2E1C007AAB7E /* AlternateTableViewCells-Prefix.pch */,
			);
			name = "Supporting Files";
			sourceTree = "<group>";
		};
		2C5AF3DE1B9C2E1C007AAB7E /* AlternateTableViewCellsTests */ = {
			isa = PBXGroup;
			children = (
				2C5AF3E41B9C2E1C007AAB7E /* AlternateTableViewCellsTests.m */,
				2C5AF3DF1B9C2E1C007AAB7E /* Supporting Files */,
			);
			path = AlternateTableViewCellsTests;
			sourceTree = "<group>";
		};
		2C5AF3DF1B9C2E1C007AAB7E /* Supporting Files */ = {
			isa = PBXGroup;
			children = (
				2C5AF3E01B9C2E1C007AAB7E /* AlternateTableViewCellsTests-Info.plist */,
				2C5AF3E11B9C2E1C007AAB7E /* InfoPlist.strings */,
			);
			name = "Supporting Files";
			sourceTree = "<group>";
		};
		2C5AF3EE1B9C2E2C007AAB7E /* AlternateTableViewCellViewController */ = {
			isa = PBXGroup;
			children = (
				2C5AF3EF1B9C2E58007AAB7E /* AlternateTableViewCellViewController.h */,
				2C5AF3F01B9C2E58007AAB7E /* AlternateTableViewCellViewController.m */,
				2C5AF3F11B9C2E58007AAB7E /* AlternateTableViewCellViewController.xib */,
				2C5AF3F61B9C5BA4007AAB7E /* AlternateTableViewCellViewController_iPhone.xib */,
				2C5AF3F71B9C5BA4007AAB7E /* AlternateTableViewCellViewController_iPhone4.xib */,
				2C5AF3F81B9C5BA4007AAB7E /* AlternateTableViewCellViewController_iPhone5.xib */,
			);
			name = AlternateTableViewCellViewController;
			sourceTree = "<group>";
		};
		2C5AF3F41B9C56D9007AAB7E /* Define */ = {
			isa = PBXGroup;
			children = (
				2C5AF3F51B9C56D9007AAB7E /* Define.h */,
			);
			path = Define;
			sourceTree = "<group>";
		};
		2C5AF3FC1B9C63BF007AAB7E /* AppIcons */ = {
			isa = PBXGroup;
			children = (
				2C5AF3FD1B9C63BF007AAB7E /* Icon-40.png */,
				2C5AF3FE1B9C63BF007AAB7E /* Icon-40@2x.png */,
				2C5AF3FF1B9C63BF007AAB7E /* Icon-40@3x.png */,
				2C5AF4001B9C63BF007AAB7E /* Icon-60.png */,
				2C5AF4011B9C63BF007AAB7E /* Icon-60@2x.png */,
				2C5AF4021B9C63BF007AAB7E /* Icon-60@3x.png */,
				2C5AF4031B9C63BF007AAB7E /* Icon-72.png */,
				2C5AF4041B9C63BF007AAB7E /* Icon-72@2x.png */,
				2C5AF4051B9C63BF007AAB7E /* Icon-76.png */,
				2C5AF4061B9C63BF007AAB7E /* Icon-76@2x.png */,
				2C5AF4071B9C63BF007AAB7E /* Icon-Small-50.png */,
				2C5AF4081B9C63BF007AAB7E /* Icon-Small-50@2x.png */,
				2C5AF4091B9C63BF007AAB7E /* Icon-Small.png */,
				2C5AF40A1B9C63BF007AAB7E /* Icon-Small@2x.png */,
				2C5AF40B1B9C63BF007AAB7E /* Icon-Small@3x.png */,
				2C5AF40C1B9C63BF007AAB7E /* Icon.png */,
				2C5AF40D1B9C63BF007AAB7E /* Icon@2x.png */,
				2C5AF40E1B9C63BF007AAB7E /* iTunesArtwork.png */,
				2C5AF40F1B9C63BF007AAB7E /* iTunesArtwork@2x.png */,
			);
			path = AppIcons;
			sourceTree = "<group>";
		};
/* End PBXGroup section */

/* Begin PBXNativeTarget section */
		2C5AF3BB1B9C2E1C007AAB7E /* AlternateTableViewCells */ = {
			isa = PBXNativeTarget;
			buildConfigurationList = 2C5AF3E81B9C2E1C007AAB7E /* Build configuration list for PBXNativeTarget "AlternateTableViewCells" */;
			buildPhases = (
				2C5AF3B81B9C2E1C007AAB7E /* Sources */,
				2C5AF3B91B9C2E1C007AAB7E /* Frameworks */,
				2C5AF3BA1B9C2E1C007AAB7E /* Resources */,
			);
			buildRules = (
			);
			dependencies = (
			);
			name = AlternateTableViewCells;
			productName = AlternateTableViewCells;
			productReference = 2C5AF3BC1B9C2E1C007AAB7E /* AlternateTableViewCells.app */;
			productType = "com.apple.product-type.application";
		};
		2C5AF3D61B9C2E1C007AAB7E /* AlternateTableViewCellsTests */ = {
			isa = PBXNativeTarget;
			buildConfigurationList = 2C5AF3EB1B9C2E1C007AAB7E /* Build configuration list for PBXNativeTarget "AlternateTableViewCellsTests" */;
			buildPhases = (
				2C5AF3D31B9C2E1C007AAB7E /* Sources */,
				2C5AF3D41B9C2E1C007AAB7E /* Frameworks */,
				2C5AF3D51B9C2E1C007AAB7E /* Resources */,
			);
			buildRules = (
			);
			dependencies = (
				2C5AF3DD1B9C2E1C007AAB7E /* PBXTargetDependency */,
			);
			name = AlternateTableViewCellsTests;
			productName = AlternateTableViewCellsTests;
			productReference = 2C5AF3D71B9C2E1C007AAB7E /* AlternateTableViewCellsTests.xctest */;
			productType = "com.apple.product-type.bundle.unit-test";
		};
/* End PBXNativeTarget section */

/* Begin PBXProject section */
		2C5AF3B41B9C2E1C007AAB7E /* Project object */ = {
			isa = PBXProject;
			attributes = {
				LastUpgradeCheck = 0500;
				ORGANIZATIONNAME = Mahboob;
				TargetAttributes = {
					2C5AF3D61B9C2E1C007AAB7E = {
						TestTargetID = 2C5AF3BB1B9C2E1C007AAB7E;
					};
				};
			};
			buildConfigurationList = 2C5AF3B71B9C2E1C007AAB7E /* Build configuration list for PBXProject "AlternateTableViewCells" */;
			compatibilityVersion = "Xcode 3.2";
			developmentRegion = English;
			hasScannedForEncodings = 0;
			knownRegions = (
				en,
			);
			mainGroup = 2C5AF3B31B9C2E1C007AAB7E;
			productRefGroup = 2C5AF3BD1B9C2E1C007AAB7E /* Products */;
			projectDirPath = "";
			projectRoot = "";
			targets = (
				2C5AF3BB1B9C2E1C007AAB7E /* AlternateTableViewCells */,
				2C5AF3D61B9C2E1C007AAB7E /* AlternateTableViewCellsTests */,
			);
		};
/* End PBXProject section */

/* Begin PBXResourcesBuildPhase section */
		2C5AF3BA1B9C2E1C007AAB7E /* Resources */ = {
			isa = PBXResourcesBuildPhase;
			buildActionMask = 2147483647;
			files = (
				2C5AF41B1B9C63BF007AAB7E /* Icon-Small-50@2x.png in Resources */,
				2C5AF4171B9C63BF007AAB7E /* Icon-72@2x.png in Resources */,
				2C5AF4151B9C63BF007AAB7E /* Icon-60@3x.png in Resources */,
				2C5AF4181B9C63BF007AAB7E /* Icon-76.png in Resources */,
				2C5AF4131B9C63BF007AAB7E /* Icon-60.png in Resources */,
				2C5AF4201B9C63BF007AAB7E /* Icon@2x.png in Resources */,
				2C5AF4211B9C63BF007AAB7E /* iTunesArtwork.png in Resources */,
				2C5AF3FB1B9C5BA4007AAB7E /* AlternateTableViewCellViewController_iPhone5.xib in Resources */,
				2C5AF3F91B9C5BA4007AAB7E /* AlternateTableViewCellViewController_iPhone.xib in Resources */,
				2C5AF3FA1B9C5BA4007AAB7E /* AlternateTableViewCellViewController_iPhone4.xib in Resources */,
				2C5AF41F1B9C63BF007AAB7E /* Icon.png in Resources */,
				2C5AF4221B9C63BF007AAB7E /* iTunesArtwork@2x.png in Resources */,
				2C5AF4141B9C63BF007AAB7E /* Icon-60@2x.png in Resources */,
				2C5AF4101B9C63BF007AAB7E /* Icon-40.png in Resources */,
				2C5AF41C1B9C63BF007AAB7E /* Icon-Small.png in Resources */,
				2C5AF4121B9C63BF007AAB7E /* Icon-40@3x.png in Resources */,
				2C5AF41E1B9C63BF007AAB7E /* Icon-Small@3x.png in Resources */,
				2C5AF3CA1B9C2E1C007AAB7E /* InfoPlist.strings in Resources */,
				2C5AF41D1B9C63BF007AAB7E /* Icon-Small@2x.png in Resources */,
				2C5AF41A1B9C63BF007AAB7E /* Icon-Small-50.png in Resources */,
				2C5AF4161B9C63BF007AAB7E /* Icon-72.png in Resources */,
				2C5AF4111B9C63BF007AAB7E /* Icon-40@2x.png in Resources */,
				2C5AF3F31B9C2E58007AAB7E /* AlternateTableViewCellViewController.xib in Resources */,
				2C5AF4191B9C63BF007AAB7E /* Icon-76@2x.png in Resources */,
				2C5AF3D21B9C2E1C007AAB7E /* Images.xcassets in Resources */,
			);
			runOnlyForDeploymentPostprocessing = 0;
		};
		2C5AF3D51B9C2E1C007AAB7E /* Resources */ = {
			isa = PBXResourcesBuildPhase;
			buildActionMask = 2147483647;
			files = (
				2C5AF3E31B9C2E1C007AAB7E /* InfoPlist.strings in Resources */,
			);
			runOnlyForDeploymentPostprocessing = 0;
		};
/* End PBXResourcesBuildPhase section */

/* Begin PBXSourcesBuildPhase section */
		2C5AF3B81B9C2E1C007AAB7E /* Sources */ = {
			isa = PBXSourcesBuildPhase;
			buildActionMask = 2147483647;
			files = (
				2C5AF3D01B9C2E1C007AAB7E /* AppDelegate.m in Sources */,
				2C5AF3F21B9C2E58007AAB7E /* AlternateTableViewCellViewController.m in Sources */,
				2C5AF3CC1B9C2E1C007AAB7E /* main.m in Sources */,
			);
			runOnlyForDeploymentPostprocessing = 0;
		};
		2C5AF3D31B9C2E1C007AAB7E /* Sources */ = {
			isa = PBXSourcesBuildPhase;
			buildActionMask = 2147483647;
			files = (
				2C5AF3E51B9C2E1C007AAB7E /* AlternateTableViewCellsTests.m in Sources */,
			);
			runOnlyForDeploymentPostprocessing = 0;
		};
/* End PBXSourcesBuildPhase section */

/* Begin PBXTargetDependency section */
		2C5AF3DD1B9C2E1C007AAB7E /* PBXTargetDependency */ = {
			isa = PBXTargetDependency;
			target = 2C5AF3BB1B9C2E1C007AAB7E /* AlternateTableViewCells */;
			targetProxy = 2C5AF3DC1B9C2E1C007AAB7E /* PBXContainerItemProxy */;
		};
/* End PBXTargetDependency section */

/* Begin PBXVariantGroup section */
		2C5AF3C81B9C2E1C007AAB7E /* InfoPlist.strings */ = {
			isa = PBXVariantGroup;
			children = (
				2C5AF3C91B9C2E1C007AAB7E /* en */,
			);
			name = InfoPlist.strings;
			sourceTree = "<group>";
		};
		2C5AF3E11B9C2E1C007AAB7E /* InfoPlist.strings */ = {
			isa = PBXVariantGroup;
			children = (
				2C5AF3E21B9C2E1C007AAB7E /* en */,
			);
			name = InfoPlist.strings;
			sourceTree = "<group>";
		};
/* End PBXVariantGroup section */

/* Begin XCBuildConfiguration section */
		2C5AF3E61B9C2E1C007AAB7E /* Debug */ = {
			isa = XCBuildConfiguration;
			buildSettings = {
				ALWAYS_SEARCH_USER_PATHS = NO;
				ARCHS = "$(ARCHS_STANDARD_INCLUDING_64_BIT)";
				CLANG_CXX_LANGUAGE_STANDARD = "gnu++0x";
				CLANG_CXX_LIBRARY = "libc++";
				CLANG_ENABLE_MODULES = YES;
				CLANG_ENABLE_OBJC_ARC = YES;
				CLANG_WARN_BOOL_CONVERSION = YES;
				CLANG_WARN_CONSTANT_CONVERSION = YES;
				CLANG_WARN_DIRECT_OBJC_ISA_USAGE = YES_ERROR;
				CLANG_WARN_EMPTY_BODY = YES;
				CLANG_WARN_ENUM_CONVERSION = YES;
				CLANG_WARN_INT_CONVERSION = YES;
				CLANG_WARN_OBJC_ROOT_CLASS = YES_ERROR;
				CLANG_WARN__DUPLICATE_METHOD_MATCH = YES;
				"CODE_SIGN_IDENTITY[sdk=iphoneos*]" = "iPhone Developer";
				COPY_PHASE_STRIP = NO;
				GCC_C_LANGUAGE_STANDARD = gnu99;
				GCC_DYNAMIC_NO_PIC = NO;
				GCC_OPTIMIZATION_LEVEL = 0;
				GCC_PREPROCESSOR_DEFINITIONS = (
					"DEBUG=1",
					"$(inherited)",
				);
				GCC_SYMBOLS_PRIVATE_EXTERN = NO;
				GCC_WARN_64_TO_32_BIT_CONVERSION = YES;
				GCC_WARN_ABOUT_RETURN_TYPE = YES_ERROR;
				GCC_WARN_UNDECLARED_SELECTOR = YES;
				GCC_WARN_UNINITIALIZED_AUTOS = YES;
				GCC_WARN_UNUSED_FUNCTION = YES;
				GCC_WARN_UNUSED_VARIABLE = YES;
				IPHONEOS_DEPLOYMENT_TARGET = 7.0;
				ONLY_ACTIVE_ARCH = YES;
				SDKROOT = iphoneos;
				TARGETED_DEVICE_FAMILY = "1,2";
			};
			name = Debug;
		};
		2C5AF3E71B9C2E1C007AAB7E /* Release */ = {
			isa = XCBuildConfiguration;
			buildSettings = {
				ALWAYS_SEARCH_USER_PATHS = NO;
				ARCHS = "$(ARCHS_STANDARD_INCLUDING_64_BIT)";
				CLANG_CXX_LANGUAGE_STANDARD = "gnu++0x";
				CLANG_CXX_LIBRARY = "libc++";
				CLANG_ENABLE_MODULES = YES;
				CLANG_ENABLE_OBJC_ARC = YES;
				CLANG_WARN_BOOL_CONVERSION = YES;
				CLANG_WARN_CONSTANT_CONVERSION = YES;
				CLANG_WARN_DIRECT_OBJC_ISA_USAGE = YES_ERROR;
				CLANG_WARN_EMPTY_BODY = YES;
				CLANG_WARN_ENUM_CONVERSION = YES;
				CLANG_WARN_INT_CONVERSION = YES;
				CLANG_WARN_OBJC_ROOT_CLASS = YES_ERROR;
				CLANG_WARN__DUPLICATE_METHOD_MATCH = YES;
				"CODE_SIGN_IDENTITY[sdk=iphoneos*]" = "iPhone Developer";
				COPY_PHASE_STRIP = YES;
				ENABLE_NS_ASSERTIONS = NO;
				GCC_C_LANGUAGE_STANDARD = gnu99;
				GCC_WARN_64_TO_32_BIT_CONVERSION = YES;
				GCC_WARN_ABOUT_RETURN_TYPE = YES_ERROR;
				GCC_WARN_UNDECLARED_SELECTOR = YES;
				GCC_WARN_UNINITIALIZED_AUTOS = YES;
				GCC_WARN_UNUSED_FUNCTION = YES;
				GCC_WARN_UNUSED_VARIABLE = YES;
				IPHONEOS_DEPLOYMENT_TARGET = 7.0;
				SDKROOT = iphoneos;
				TARGETED_DEVICE_FAMILY = "1,2";
				VALIDATE_PRODUCT = YES;
			};
			name = Release;
		};
		2C5AF3E91B9C2E1C007AAB7E /* Debug */ = {
			isa = XCBuildConfiguration;
			buildSettings = {
				ASSETCATALOG_COMPILER_LAUNCHIMAGE_NAME = LaunchImage;
				GCC_PRECOMPILE_PREFIX_HEADER = YES;
				GCC_PREFIX_HEADER = "AlternateTableViewCells/AlternateTableViewCells-Prefix.pch";
				INFOPLIST_FILE = "AlternateTableViewCells/AlternateTableViewCells-Info.plist";
				PRODUCT_NAME = "$(TARGET_NAME)";
				WRAPPER_EXTENSION = app;
			};
			name = Debug;
		};
		2C5AF3EA1B9C2E1C007AAB7E /* Release */ = {
			isa = XCBuildConfiguration;
			buildSettings = {
				ASSETCATALOG_COMPILER_LAUNCHIMAGE_NAME = LaunchImage;
				GCC_PRECOMPILE_PREFIX_HEADER = YES;
				GCC_PREFIX_HEADER = "AlternateTableViewCells/AlternateTableViewCells-Prefix.pch";
				INFOPLIST_FILE = "AlternateTableViewCells/AlternateTableViewCells-Info.plist";
				PRODUCT_NAME = "$(TARGET_NAME)";
				WRAPPER_EXTENSION = app;
			};
			name = Release;
		};
		2C5AF3EC1B9C2E1C007AAB7E /* Debug */ = {
			isa = XCBuildConfiguration;
			buildSettings = {
				ARCHS = "$(ARCHS_STANDARD_INCLUDING_64_BIT)";
				BUNDLE_LOADER = "$(BUILT_PRODUCTS_DIR)/AlternateTableViewCells.app/AlternateTableViewCells";
				FRAMEWORK_SEARCH_PATHS = (
					"$(SDKROOT)/Developer/Library/Frameworks",
					"$(inherited)",
					"$(DEVELOPER_FRAMEWORKS_DIR)",
				);
				GCC_PRECOMPILE_PREFIX_HEADER = YES;
				GCC_PREFIX_HEADER = "AlternateTableViewCells/AlternateTableViewCells-Prefix.pch";
				GCC_PREPROCESSOR_DEFINITIONS = (
					"DEBUG=1",
					"$(inherited)",
				);
				INFOPLIST_FILE = "AlternateTableViewCellsTests/AlternateTableViewCellsTests-Info.plist";
				PRODUCT_NAME = "$(TARGET_NAME)";
				TEST_HOST = "$(BUNDLE_LOADER)";
				WRAPPER_EXTENSION = xctest;
			};
			name = Debug;
		};
		2C5AF3ED1B9C2E1C007AAB7E /* Release */ = {
			isa = XCBuildConfiguration;
			buildSettings = {
				ARCHS = "$(ARCHS_STANDARD_INCLUDING_64_BIT)";
				BUNDLE_LOADER = "$(BUILT_PRODUCTS_DIR)/AlternateTableViewCells.app/AlternateTableViewCells";
				FRAMEWORK_SEARCH_PATHS = (
					"$(SDKROOT)/Developer/Library/Frameworks",
					"$(inherited)",
					"$(DEVELOPER_FRAMEWORKS_DIR)",
				);
				GCC_PRECOMPILE_PREFIX_HEADER = YES;
				GCC_PREFIX_HEADER = "AlternateTableViewCells/AlternateTableViewCells-Prefix.pch";
				INFOPLIST_FILE = "AlternateTableViewCellsTests/AlternateTableViewCellsTests-Info.plist";
				PRODUCT_NAME = "$(TARGET_NAME)";
				TEST_HOST = "$(BUNDLE_LOADER)";
				WRAPPER_EXTENSION = xctest;
			};
			name = Release;
		};
/* End XCBuildConfiguration section */

/* Begin XCConfigurationList section */
		2C5AF3B71B9C2E1C007AAB7E /* Build configuration list for PBXProject "AlternateTableViewCells" */ = {
			isa = XCConfigurationList;
			buildConfigurations = (
				2C5AF3E61B9C2E1C007AAB7E /* Debug */,
				2C5AF3E71B9C2E1C007AAB7E /* Release */,
			);
			defaultConfigurationIsVisible = 0;
			defaultConfigurationName = Release;
		};
		2C5AF3E81B9C2E1C007AAB7E /* Build configuration list for PBXNativeTarget "AlternateTableViewCells" */ = {
			isa = XCConfigurationList;
			buildConfigurations = (
				2C5AF3E91B9C2E1C007AAB7E /* Debug */,
				2C5AF3EA1B9C2E1C007AAB7E /* Release */,
			);
			defaultConfigurationIsVisible = 0;
		};
		2C5AF3EB1B9C2E1C007AAB7E /* Build configuration list for PBXNativeTarget "AlternateTableViewCellsTests" */ = {
			isa = XCConfigurationList;
			buildConfigurations = (
				2C5AF3EC1B9C2E1C007AAB7E /* Debug */,
				2C5AF3ED1B9C2E1C007AAB7E /* Release */,
			);
			defaultConfigurationIsVisible = 0;
		};
/* End XCConfigurationList section */
	};
	rootObject = 2C5AF3B41B9C2E1C007AAB7E /* Project object */;
}
